
Microsoft Visual Studio Solution File, Format Version 12.00
# Visual Studio Version 16
VisualStudioVersion = 16.0.30907.101
MinimumVisualStudioVersion = 10.0.40219.1
Project("{FAE04EC0-301F-11D3-BF4B-00C04F79EFBC}") = "AlogrithmsAndDatabasePractice", "AlogrithmsAndDatabasePractice.csproj", "{99A0F942-88CB-4792-B458-57CED3744DA0}"
EndProject
Global
	GlobalSection(SolutionConfigurationPlatforms) = preSolution
		Debug|Any CPU = Debug|Any CPU
		Release|Any CPU = Release|Any CPU
	EndGlobalSection
	GlobalSection(ProjectConfigurationPlatforms) = postSolution
		{99A0F942-88CB-4792-B458-57CED3744DA0}.Debug|Any CPU.ActiveCfg = Debug|Any CPU
		{99A0F942-88CB-4792-B458-57CED3744DA0}.Debug|Any CPU.Build.0 = Debug|Any CPU
		{99A0F942-88CB-4792-B458-57CED3744DA0}.Release|Any CPU.ActiveCfg = Release|Any CPU
		{99A0F942-88CB-4792-B458-57CED3744DA0}.Release|Any CPU.Build.0 = Release|Any CPU
	EndGlobalSection
	GlobalSection(SolutionProperties) = preSolution
		HideSolutionNode = FALSE
	EndGlobalSection
	GlobalSection(ExtensibilityGlobals) = postSolution
		SolutionGuid = {4A07996F-14E4-48D2-8A39-F87BAA3DB38B}
	EndGlobalSection
EndGlobal
